%{"earmark": {:hex, :earmark, "1.0.3", "89bdbaf2aca8bbb5c97d8b3b55c5dd0cff517ecc78d417e87f1d0982e514557b", [:mix], []},
  "ex_doc": {:hex, :ex_doc, "0.14.5", "c0433c8117e948404d93ca69411dd575ec6be39b47802e81ca8d91017a0cf83c", [:mix], [{:earmark, "~> 1.0", [hex: :earmark, optional: false]}]},
  "gen_stage": {:hex, :gen_stage, "0.9.0", "9daf0b5ae224405e0456b7df5a282a9a958176cdb9b963811ca38140e7e1b3c4", [:mix], []}}
